
Microsoft Visual Studio Solution File, Format Version 12.00
# Visual Studio Version 17
VisualStudioVersion = 17.12.35527.113
MinimumVisualStudioVersion = 10.0.40219.1
Project("{2150E333-8FDC-42A3-9474-1A3956D46DE8}") = "src", "src", "{5A94DCFF-6B33-46C3-81A4-4FAA16B14085}"
EndProject
Project("{2150E333-8FDC-42A3-9474-1A3956D46DE8}") = "building-blocks", "building-blocks", "{B395EE29-29BF-4146-A95B-AA55C212C46D}"
EndProject
Project("{2150E333-8FDC-42A3-9474-1A3956D46DE8}") = "services", "services", "{0B6A4322-3AEB-43A8-994E-72DE2AFE1312}"
EndProject
Project("{2150E333-8FDC-42A3-9474-1A3956D46DE8}") = "Inventory", "Inventory", "{A6B5F590-2AFA-48E6-9EA4-B9C8660AC721}"
EndProject
Project("{2150E333-8FDC-42A3-9474-1A3956D46DE8}") = "Order", "Order", "{37DCB1B1-411F-4BD7-8E81-B8A7BE1F2289}"
EndProject
Project("{2150E333-8FDC-42A3-9474-1A3956D46DE8}") = "Notification", "Notification", "{9C2C930F-3635-402F-9955-F8ECAFB0FC69}"
EndProject
Project("{2150E333-8FDC-42A3-9474-1A3956D46DE8}") = "Customer", "Customer", "{5E82B310-9778-4730-B10A-8590CFE5FDD1}"
EndProject
Project("{2150E333-8FDC-42A3-9474-1A3956D46DE8}") = "Application", "Application", "{6A40E856-06CF-4187-AAF8-0D20B9963356}"
EndProject
Project("{2150E333-8FDC-42A3-9474-1A3956D46DE8}") = "Host", "Host", "{451E8449-96A3-4F70-9184-6D172B4B0CC7}"
EndProject
Project("{2150E333-8FDC-42A3-9474-1A3956D46DE8}") = "Infrastructure", "Infrastructure", "{848BA04B-ADE6-4BF8-9B04-D0EF276BA194}"
EndProject
Project("{2150E333-8FDC-42A3-9474-1A3956D46DE8}") = "Core", "Core", "{F52B62BC-A8B6-47F7-A843-B94181C7D394}"
EndProject
Project("{2150E333-8FDC-42A3-9474-1A3956D46DE8}") = "Application", "Application", "{733351D3-EED7-450A-AFDF-277CB4D442B0}"
EndProject
Project("{2150E333-8FDC-42A3-9474-1A3956D46DE8}") = "Core", "Core", "{7775CBFD-385A-4136-9E30-BFE2A3BA2A3C}"
EndProject
Project("{2150E333-8FDC-42A3-9474-1A3956D46DE8}") = "Infrastructure", "Infrastructure", "{E33598D7-505F-406C-ACCF-FE38F1255D18}"
EndProject
Project("{2150E333-8FDC-42A3-9474-1A3956D46DE8}") = "Host", "Host", "{5CB455AD-DDF7-4F5F-8442-6BAE4695CED9}"
EndProject
Project("{2150E333-8FDC-42A3-9474-1A3956D46DE8}") = "Infrastructure", "Infrastructure", "{24DEE5E2-27A9-46E7-9B0C-6F9740A292AE}"
EndProject
Project("{2150E333-8FDC-42A3-9474-1A3956D46DE8}") = "Core", "Core", "{67706C66-92EB-4408-AFBD-8CAE377A062B}"
EndProject
Project("{2150E333-8FDC-42A3-9474-1A3956D46DE8}") = "Application", "Application", "{A660E196-6E51-43B0-AE80-9B2CA86887B8}"
EndProject
Project("{2150E333-8FDC-42A3-9474-1A3956D46DE8}") = "Application", "Application", "{C3F49098-396C-426A-9B1F-0EF8542E5752}"
EndProject
Project("{2150E333-8FDC-42A3-9474-1A3956D46DE8}") = "Core", "Core", "{9F2D333E-8E5D-495B-9042-FD8ED699E21D}"
EndProject
Project("{2150E333-8FDC-42A3-9474-1A3956D46DE8}") = "Host", "Host", "{F3B8A993-00B8-4581-B623-DC79F04F2934}"
EndProject
Project("{2150E333-8FDC-42A3-9474-1A3956D46DE8}") = "Infrastructure", "Infrastructure", "{A311EE70-34CF-464B-A6A6-1F1112AB5566}"
EndProject
Project("{FAE04EC0-301F-11D3-BF4B-00C04F79EFBC}") = "Customer.Application", "src\services\Customer\Application\Customer.Application\Customer.Application.csproj", "{1540FC7F-9F9F-454E-B21F-91B2FFAA8BCE}"
EndProject
Project("{FAE04EC0-301F-11D3-BF4B-00C04F79EFBC}") = "Customer.Domain", "src\services\Customer\Core\Customer.Domain\Customer.Domain.csproj", "{C451C0BA-6BBB-47B2-BD7B-6BDEB96FFD21}"
EndProject
Project("{FAE04EC0-301F-11D3-BF4B-00C04F79EFBC}") = "Customer.Api", "src\services\Customer\Host\Customer.Api\Customer.Api.csproj", "{CAABFC20-E3DE-40EC-AFE6-D359287E5BD5}"
EndProject
Project("{FAE04EC0-301F-11D3-BF4B-00C04F79EFBC}") = "Customer.Infrastructure", "src\services\Customer\Infrastructure\Customer.Infrastructure\Customer.Infrastructure.csproj", "{38A3C5EB-26F0-494D-BA96-E0E334C44E18}"
EndProject
Project("{FAE04EC0-301F-11D3-BF4B-00C04F79EFBC}") = "Inventory.Application", "src\services\Inventory\Application\Inventory.Application\Inventory.Application.csproj", "{965E754F-0170-4F9B-B8B4-F76DE48EE969}"
EndProject
Project("{FAE04EC0-301F-11D3-BF4B-00C04F79EFBC}") = "Inventory.Domain", "src\services\Inventory\Core\Inventory.Domain\Inventory.Domain.csproj", "{C5AA9505-95D0-48A7-A6F8-72E7F5265574}"
EndProject
Project("{FAE04EC0-301F-11D3-BF4B-00C04F79EFBC}") = "Inventory.Api", "src\services\Inventory\Host\Inventory.Api\Inventory.Api.csproj", "{409B5EFE-4ABD-4F56-868B-8A2BAA9E1693}"
EndProject
Project("{FAE04EC0-301F-11D3-BF4B-00C04F79EFBC}") = "Inventory.Infrastructure", "src\services\Inventory\Infrastructure\Inventory.Infrastructure\Inventory.Infrastructure.csproj", "{5A91ED50-3C64-40CE-B9B9-0B3A77A622EB}"
EndProject
Project("{FAE04EC0-301F-11D3-BF4B-00C04F79EFBC}") = "BuildingBlocks.Abstractions", "building-blokcs\BuildingBlocks.Abstractions\BuildingBlocks.Abstractions.csproj", "{F47B5E93-2CD7-4AE5-9F5D-686E059D105A}"
EndProject
Project("{FAE04EC0-301F-11D3-BF4B-00C04F79EFBC}") = "BuildingBlocks.Caching", "building-blokcs\BuildingBlocks.Caching\BuildingBlocks.Caching.csproj", "{8CA9D633-44A0-41B9-B97A-62B54628D04E}"
EndProject
Project("{FAE04EC0-301F-11D3-BF4B-00C04F79EFBC}") = "BuildingBlocks.Core", "building-blokcs\BuildingBlocks.Core\BuildingBlocks.Core.csproj", "{E20ECE39-B77F-4540-AE9C-9C1A817762EB}"
EndProject
Project("{FAE04EC0-301F-11D3-BF4B-00C04F79EFBC}") = "BuildingBlocks.FluentValidation", "building-blokcs\BuildingBlocks.FluentValidation\BuildingBlocks.FluentValidation.csproj", "{C3CAE2B7-0A6E-4079-A795-05D3F246DA6F}"
EndProject
Project("{FAE04EC0-301F-11D3-BF4B-00C04F79EFBC}") = "BuildingBlocks.HealthCheck", "building-blokcs\BuildingBlocks.HealthCheck\BuildingBlocks.HealthCheck.csproj", "{F2F9F56F-EE34-4904-94A3-DEC2C42266ED}"
EndProject
Project("{FAE04EC0-301F-11D3-BF4B-00C04F79EFBC}") = "BuildingBlocks.Integration.MassTransit", "building-blokcs\BuildingBlocks.Integration.MassTransit\BuildingBlocks.Integration.MassTransit.csproj", "{1357DB66-3EC6-464E-9386-ED0FCAEE5D44}"
EndProject
Project("{FAE04EC0-301F-11D3-BF4B-00C04F79EFBC}") = "BuildingBlocks.Logging", "building-blokcs\BuildingBlocks.Logging\BuildingBlocks.Logging.csproj", "{653E8120-1B31-45D0-8A11-C8B986BDB96A}"
EndProject
Project("{FAE04EC0-301F-11D3-BF4B-00C04F79EFBC}") = "BuildingBlocks.Messaging.Persistence.Postgres", "building-blokcs\BuildingBlocks.Messaging.Persistence.Postgres\BuildingBlocks.Messaging.Persistence.Postgres.csproj", "{791DD91D-72D9-4155-AA8A-CB93F4959152}"
EndProject
Project("{FAE04EC0-301F-11D3-BF4B-00C04F79EFBC}") = "BuildingBlocks.Persistence.EfCore.Postgres", "building-blokcs\BuildingBlocks.Persistence.EfCore.Postgres\BuildingBlocks.Persistence.EfCore.Postgres.csproj", "{D09C3A29-823B-4AED-A823-7410D313697D}"
EndProject
Project("{FAE04EC0-301F-11D3-BF4B-00C04F79EFBC}") = "BuildingBlocks.Swagger", "building-blokcs\BuildingBlocks.Swagger\BuildingBlocks.Swagger.csproj", "{3CCD4F24-CEDE-4775-B663-E3A16593B60C}"
EndProject
Project("{FAE04EC0-301F-11D3-BF4B-00C04F79EFBC}") = "BuildingBlocks.Web", "building-blokcs\BuildingBlocks.Web\BuildingBlocks.Web.csproj", "{F98D3B70-7587-4742-8278-727A6C72E48B}"
EndProject
Project("{2150E333-8FDC-42A3-9474-1A3956D46DE8}") = "docs", "docs", "{DFD67095-051B-480E-9572-0FC7164282C1}"
	ProjectSection(SolutionItems) = preProject
		.editorconfig = .editorconfig
	EndProjectSection
EndProject
Project("{2150E333-8FDC-42A3-9474-1A3956D46DE8}") = "solution_items", "solution_items", "{85DFCC5A-735C-45FC-B861-2C6321A04D0C}"
	ProjectSection(SolutionItems) = preProject
		Directory.Build.targets = Directory.Build.targets
		nuget.config = nuget.config
	EndProjectSection
EndProject
Project("{2150E333-8FDC-42A3-9474-1A3956D46DE8}") = "Shared", "Shared", "{ADA9EA7B-AD13-46E2-B186-6F07DB9169DE}"
EndProject
Project("{FAE04EC0-301F-11D3-BF4B-00C04F79EFBC}") = "Beymen.ECommSuite.Shared", "src\services\Shared\Beymen.ECommSuite.Shared\Beymen.ECommSuite.Shared.csproj", "{D3013C08-ECBB-417A-9F0B-98F637813B81}"
EndProject
Project("{E53339B2-1760-4266-BCC7-CA923CBCF16C}") = "docker-compose", "docker-compose.dcproj", "{C93DFD21-5DFA-46B8-972E-2C2582BAAB58}"
EndProject
Project("{FAE04EC0-301F-11D3-BF4B-00C04F79EFBC}") = "Order.Application", "src\services\Order\Application\Order.Application\Order.Application.csproj", "{CB33D91A-91A3-4329-9F04-6B13990101E1}"
EndProject
Project("{FAE04EC0-301F-11D3-BF4B-00C04F79EFBC}") = "Order.Domain", "src\services\Order\Core\Order.Domain\Order.Domain.csproj", "{3C83C8C5-3C96-443E-8E5E-A0434F5FB99D}"
EndProject
Project("{FAE04EC0-301F-11D3-BF4B-00C04F79EFBC}") = "Order.Api", "src\services\Order\Host\Order.Api\Order.Api.csproj", "{CC823E34-88F3-40C4-A4DF-E7394AB32DE9}"
EndProject
Project("{FAE04EC0-301F-11D3-BF4B-00C04F79EFBC}") = "Order.Infrastructure", "src\services\Order\Infrastructure\Order.Infrastructure\Order.Infrastructure.csproj", "{5CCFBFDF-332F-4A45-9A6C-AB8FDDCB01AA}"
EndProject
Project("{FAE04EC0-301F-11D3-BF4B-00C04F79EFBC}") = "Notification.Domain", "src\services\Notification\Core\Notification.Domain\Notification.Domain.csproj", "{FBA4DB4F-1D38-4E90-ADC9-5175C5B04CFD}"
EndProject
Project("{FAE04EC0-301F-11D3-BF4B-00C04F79EFBC}") = "Notification.Application", "src\services\Notification\Application\Notification.Application\Notification.Application.csproj", "{0D5EE663-6CBE-47AA-A2AF-918820D013A3}"
EndProject
Project("{FAE04EC0-301F-11D3-BF4B-00C04F79EFBC}") = "Notification.Infrastructure", "src\services\Notification\Infrastructure\Notification.Infrastructure\Notification.Infrastructure.csproj", "{09CA948E-3064-4F9E-BE96-75D1D1044A67}"
EndProject
Project("{2150E333-8FDC-42A3-9474-1A3956D46DE8}") = "Host", "Host", "{2F69FF17-0D77-466F-8C7A-D2B72E66BBFC}"
EndProject
Project("{FAE04EC0-301F-11D3-BF4B-00C04F79EFBC}") = "Notification.Api", "src\services\Notification\Host\Notification.Api\Notification.Api.csproj", "{C5B2F7B0-5EB9-4CC6-A97C-370A3D5EED16}"
EndProject
Global
	GlobalSection(SolutionConfigurationPlatforms) = preSolution
		Debug|Any CPU = Debug|Any CPU
		Release|Any CPU = Release|Any CPU
	EndGlobalSection
	GlobalSection(ProjectConfigurationPlatforms) = postSolution
		{1540FC7F-9F9F-454E-B21F-91B2FFAA8BCE}.Debug|Any CPU.ActiveCfg = Debug|Any CPU
		{1540FC7F-9F9F-454E-B21F-91B2FFAA8BCE}.Debug|Any CPU.Build.0 = Debug|Any CPU
		{1540FC7F-9F9F-454E-B21F-91B2FFAA8BCE}.Release|Any CPU.ActiveCfg = Release|Any CPU
		{1540FC7F-9F9F-454E-B21F-91B2FFAA8BCE}.Release|Any CPU.Build.0 = Release|Any CPU
		{C451C0BA-6BBB-47B2-BD7B-6BDEB96FFD21}.Debug|Any CPU.ActiveCfg = Debug|Any CPU
		{C451C0BA-6BBB-47B2-BD7B-6BDEB96FFD21}.Debug|Any CPU.Build.0 = Debug|Any CPU
		{C451C0BA-6BBB-47B2-BD7B-6BDEB96FFD21}.Release|Any CPU.ActiveCfg = Release|Any CPU
		{C451C0BA-6BBB-47B2-BD7B-6BDEB96FFD21}.Release|Any CPU.Build.0 = Release|Any CPU
		{CAABFC20-E3DE-40EC-AFE6-D359287E5BD5}.Debug|Any CPU.ActiveCfg = Debug|Any CPU
		{CAABFC20-E3DE-40EC-AFE6-D359287E5BD5}.Debug|Any CPU.Build.0 = Debug|Any CPU
		{CAABFC20-E3DE-40EC-AFE6-D359287E5BD5}.Release|Any CPU.ActiveCfg = Release|Any CPU
		{CAABFC20-E3DE-40EC-AFE6-D359287E5BD5}.Release|Any CPU.Build.0 = Release|Any CPU
		{38A3C5EB-26F0-494D-BA96-E0E334C44E18}.Debug|Any CPU.ActiveCfg = Debug|Any CPU
		{38A3C5EB-26F0-494D-BA96-E0E334C44E18}.Debug|Any CPU.Build.0 = Debug|Any CPU
		{38A3C5EB-26F0-494D-BA96-E0E334C44E18}.Release|Any CPU.ActiveCfg = Release|Any CPU
		{38A3C5EB-26F0-494D-BA96-E0E334C44E18}.Release|Any CPU.Build.0 = Release|Any CPU
		{965E754F-0170-4F9B-B8B4-F76DE48EE969}.Debug|Any CPU.ActiveCfg = Debug|Any CPU
		{965E754F-0170-4F9B-B8B4-F76DE48EE969}.Debug|Any CPU.Build.0 = Debug|Any CPU
		{965E754F-0170-4F9B-B8B4-F76DE48EE969}.Release|Any CPU.ActiveCfg = Release|Any CPU
		{965E754F-0170-4F9B-B8B4-F76DE48EE969}.Release|Any CPU.Build.0 = Release|Any CPU
		{C5AA9505-95D0-48A7-A6F8-72E7F5265574}.Debug|Any CPU.ActiveCfg = Debug|Any CPU
		{C5AA9505-95D0-48A7-A6F8-72E7F5265574}.Debug|Any CPU.Build.0 = Debug|Any CPU
		{C5AA9505-95D0-48A7-A6F8-72E7F5265574}.Release|Any CPU.ActiveCfg = Release|Any CPU
		{C5AA9505-95D0-48A7-A6F8-72E7F5265574}.Release|Any CPU.Build.0 = Release|Any CPU
		{409B5EFE-4ABD-4F56-868B-8A2BAA9E1693}.Debug|Any CPU.ActiveCfg = Debug|Any CPU
		{409B5EFE-4ABD-4F56-868B-8A2BAA9E1693}.Debug|Any CPU.Build.0 = Debug|Any CPU
		{409B5EFE-4ABD-4F56-868B-8A2BAA9E1693}.Release|Any CPU.ActiveCfg = Release|Any CPU
		{409B5EFE-4ABD-4F56-868B-8A2BAA9E1693}.Release|Any CPU.Build.0 = Release|Any CPU
		{5A91ED50-3C64-40CE-B9B9-0B3A77A622EB}.Debug|Any CPU.ActiveCfg = Debug|Any CPU
		{5A91ED50-3C64-40CE-B9B9-0B3A77A622EB}.Debug|Any CPU.Build.0 = Debug|Any CPU
		{5A91ED50-3C64-40CE-B9B9-0B3A77A622EB}.Release|Any CPU.ActiveCfg = Release|Any CPU
		{5A91ED50-3C64-40CE-B9B9-0B3A77A622EB}.Release|Any CPU.Build.0 = Release|Any CPU
		{F47B5E93-2CD7-4AE5-9F5D-686E059D105A}.Debug|Any CPU.ActiveCfg = Debug|Any CPU
		{F47B5E93-2CD7-4AE5-9F5D-686E059D105A}.Debug|Any CPU.Build.0 = Debug|Any CPU
		{F47B5E93-2CD7-4AE5-9F5D-686E059D105A}.Release|Any CPU.ActiveCfg = Release|Any CPU
		{F47B5E93-2CD7-4AE5-9F5D-686E059D105A}.Release|Any CPU.Build.0 = Release|Any CPU
		{8CA9D633-44A0-41B9-B97A-62B54628D04E}.Debug|Any CPU.ActiveCfg = Debug|Any CPU
		{8CA9D633-44A0-41B9-B97A-62B54628D04E}.Debug|Any CPU.Build.0 = Debug|Any CPU
		{8CA9D633-44A0-41B9-B97A-62B54628D04E}.Release|Any CPU.ActiveCfg = Release|Any CPU
		{8CA9D633-44A0-41B9-B97A-62B54628D04E}.Release|Any CPU.Build.0 = Release|Any CPU
		{E20ECE39-B77F-4540-AE9C-9C1A817762EB}.Debug|Any CPU.ActiveCfg = Debug|Any CPU
		{E20ECE39-B77F-4540-AE9C-9C1A817762EB}.Debug|Any CPU.Build.0 = Debug|Any CPU
		{E20ECE39-B77F-4540-AE9C-9C1A817762EB}.Release|Any CPU.ActiveCfg = Release|Any CPU
		{E20ECE39-B77F-4540-AE9C-9C1A817762EB}.Release|Any CPU.Build.0 = Release|Any CPU
		{C3CAE2B7-0A6E-4079-A795-05D3F246DA6F}.Debug|Any CPU.ActiveCfg = Debug|Any CPU
		{C3CAE2B7-0A6E-4079-A795-05D3F246DA6F}.Debug|Any CPU.Build.0 = Debug|Any CPU
		{C3CAE2B7-0A6E-4079-A795-05D3F246DA6F}.Release|Any CPU.ActiveCfg = Release|Any CPU
		{C3CAE2B7-0A6E-4079-A795-05D3F246DA6F}.Release|Any CPU.Build.0 = Release|Any CPU
		{F2F9F56F-EE34-4904-94A3-DEC2C42266ED}.Debug|Any CPU.ActiveCfg = Debug|Any CPU
		{F2F9F56F-EE34-4904-94A3-DEC2C42266ED}.Debug|Any CPU.Build.0 = Debug|Any CPU
		{F2F9F56F-EE34-4904-94A3-DEC2C42266ED}.Release|Any CPU.ActiveCfg = Release|Any CPU
		{F2F9F56F-EE34-4904-94A3-DEC2C42266ED}.Release|Any CPU.Build.0 = Release|Any CPU
		{1357DB66-3EC6-464E-9386-ED0FCAEE5D44}.Debug|Any CPU.ActiveCfg = Debug|Any CPU
		{1357DB66-3EC6-464E-9386-ED0FCAEE5D44}.Debug|Any CPU.Build.0 = Debug|Any CPU
		{1357DB66-3EC6-464E-9386-ED0FCAEE5D44}.Release|Any CPU.ActiveCfg = Release|Any CPU
		{1357DB66-3EC6-464E-9386-ED0FCAEE5D44}.Release|Any CPU.Build.0 = Release|Any CPU
		{653E8120-1B31-45D0-8A11-C8B986BDB96A}.Debug|Any CPU.ActiveCfg = Debug|Any CPU
		{653E8120-1B31-45D0-8A11-C8B986BDB96A}.Debug|Any CPU.Build.0 = Debug|Any CPU
		{653E8120-1B31-45D0-8A11-C8B986BDB96A}.Release|Any CPU.ActiveCfg = Release|Any CPU
		{653E8120-1B31-45D0-8A11-C8B986BDB96A}.Release|Any CPU.Build.0 = Release|Any CPU
		{791DD91D-72D9-4155-AA8A-CB93F4959152}.Debug|Any CPU.ActiveCfg = Debug|Any CPU
		{791DD91D-72D9-4155-AA8A-CB93F4959152}.Debug|Any CPU.Build.0 = Debug|Any CPU
		{791DD91D-72D9-4155-AA8A-CB93F4959152}.Release|Any CPU.ActiveCfg = Release|Any CPU
		{791DD91D-72D9-4155-AA8A-CB93F4959152}.Release|Any CPU.Build.0 = Release|Any CPU
		{D09C3A29-823B-4AED-A823-7410D313697D}.Debug|Any CPU.ActiveCfg = Debug|Any CPU
		{D09C3A29-823B-4AED-A823-7410D313697D}.Debug|Any CPU.Build.0 = Debug|Any CPU
		{D09C3A29-823B-4AED-A823-7410D313697D}.Release|Any CPU.ActiveCfg = Release|Any CPU
		{D09C3A29-823B-4AED-A823-7410D313697D}.Release|Any CPU.Build.0 = Release|Any CPU
		{3CCD4F24-CEDE-4775-B663-E3A16593B60C}.Debug|Any CPU.ActiveCfg = Debug|Any CPU
		{3CCD4F24-CEDE-4775-B663-E3A16593B60C}.Debug|Any CPU.Build.0 = Debug|Any CPU
		{3CCD4F24-CEDE-4775-B663-E3A16593B60C}.Release|Any CPU.ActiveCfg = Release|Any CPU
		{3CCD4F24-CEDE-4775-B663-E3A16593B60C}.Release|Any CPU.Build.0 = Release|Any CPU
		{F98D3B70-7587-4742-8278-727A6C72E48B}.Debug|Any CPU.ActiveCfg = Debug|Any CPU
		{F98D3B70-7587-4742-8278-727A6C72E48B}.Debug|Any CPU.Build.0 = Debug|Any CPU
		{F98D3B70-7587-4742-8278-727A6C72E48B}.Release|Any CPU.ActiveCfg = Release|Any CPU
		{F98D3B70-7587-4742-8278-727A6C72E48B}.Release|Any CPU.Build.0 = Release|Any CPU
		{D3013C08-ECBB-417A-9F0B-98F637813B81}.Debug|Any CPU.ActiveCfg = Debug|Any CPU
		{D3013C08-ECBB-417A-9F0B-98F637813B81}.Debug|Any CPU.Build.0 = Debug|Any CPU
		{D3013C08-ECBB-417A-9F0B-98F637813B81}.Release|Any CPU.ActiveCfg = Release|Any CPU
		{D3013C08-ECBB-417A-9F0B-98F637813B81}.Release|Any CPU.Build.0 = Release|Any CPU
		{C93DFD21-5DFA-46B8-972E-2C2582BAAB58}.Debug|Any CPU.ActiveCfg = Debug|Any CPU
		{C93DFD21-5DFA-46B8-972E-2C2582BAAB58}.Debug|Any CPU.Build.0 = Debug|Any CPU
		{C93DFD21-5DFA-46B8-972E-2C2582BAAB58}.Release|Any CPU.ActiveCfg = Release|Any CPU
		{C93DFD21-5DFA-46B8-972E-2C2582BAAB58}.Release|Any CPU.Build.0 = Release|Any CPU
		{CB33D91A-91A3-4329-9F04-6B13990101E1}.Debug|Any CPU.ActiveCfg = Debug|Any CPU
		{CB33D91A-91A3-4329-9F04-6B13990101E1}.Debug|Any CPU.Build.0 = Debug|Any CPU
		{CB33D91A-91A3-4329-9F04-6B13990101E1}.Release|Any CPU.ActiveCfg = Release|Any CPU
		{CB33D91A-91A3-4329-9F04-6B13990101E1}.Release|Any CPU.Build.0 = Release|Any CPU
		{3C83C8C5-3C96-443E-8E5E-A0434F5FB99D}.Debug|Any CPU.ActiveCfg = Debug|Any CPU
		{3C83C8C5-3C96-443E-8E5E-A0434F5FB99D}.Debug|Any CPU.Build.0 = Debug|Any CPU
		{3C83C8C5-3C96-443E-8E5E-A0434F5FB99D}.Release|Any CPU.ActiveCfg = Release|Any CPU
		{3C83C8C5-3C96-443E-8E5E-A0434F5FB99D}.Release|Any CPU.Build.0 = Release|Any CPU
		{CC823E34-88F3-40C4-A4DF-E7394AB32DE9}.Debug|Any CPU.ActiveCfg = Debug|Any CPU
		{CC823E34-88F3-40C4-A4DF-E7394AB32DE9}.Debug|Any CPU.Build.0 = Debug|Any CPU
		{CC823E34-88F3-40C4-A4DF-E7394AB32DE9}.Release|Any CPU.ActiveCfg = Release|Any CPU
		{CC823E34-88F3-40C4-A4DF-E7394AB32DE9}.Release|Any CPU.Build.0 = Release|Any CPU
		{5CCFBFDF-332F-4A45-9A6C-AB8FDDCB01AA}.Debug|Any CPU.ActiveCfg = Debug|Any CPU
		{5CCFBFDF-332F-4A45-9A6C-AB8FDDCB01AA}.Debug|Any CPU.Build.0 = Debug|Any CPU
		{5CCFBFDF-332F-4A45-9A6C-AB8FDDCB01AA}.Release|Any CPU.ActiveCfg = Release|Any CPU
		{5CCFBFDF-332F-4A45-9A6C-AB8FDDCB01AA}.Release|Any CPU.Build.0 = Release|Any CPU
		{FBA4DB4F-1D38-4E90-ADC9-5175C5B04CFD}.Debug|Any CPU.ActiveCfg = Debug|Any CPU
		{FBA4DB4F-1D38-4E90-ADC9-5175C5B04CFD}.Debug|Any CPU.Build.0 = Debug|Any CPU
		{FBA4DB4F-1D38-4E90-ADC9-5175C5B04CFD}.Release|Any CPU.ActiveCfg = Release|Any CPU
		{FBA4DB4F-1D38-4E90-ADC9-5175C5B04CFD}.Release|Any CPU.Build.0 = Release|Any CPU
		{0D5EE663-6CBE-47AA-A2AF-918820D013A3}.Debug|Any CPU.ActiveCfg = Debug|Any CPU
		{0D5EE663-6CBE-47AA-A2AF-918820D013A3}.Debug|Any CPU.Build.0 = Debug|Any CPU
		{0D5EE663-6CBE-47AA-A2AF-918820D013A3}.Release|Any CPU.ActiveCfg = Release|Any CPU
		{0D5EE663-6CBE-47AA-A2AF-918820D013A3}.Release|Any CPU.Build.0 = Release|Any CPU
		{09CA948E-3064-4F9E-BE96-75D1D1044A67}.Debug|Any CPU.ActiveCfg = Debug|Any CPU
		{09CA948E-3064-4F9E-BE96-75D1D1044A67}.Debug|Any CPU.Build.0 = Debug|Any CPU
		{09CA948E-3064-4F9E-BE96-75D1D1044A67}.Release|Any CPU.ActiveCfg = Release|Any CPU
		{09CA948E-3064-4F9E-BE96-75D1D1044A67}.Release|Any CPU.Build.0 = Release|Any CPU
		{C5B2F7B0-5EB9-4CC6-A97C-370A3D5EED16}.Debug|Any CPU.ActiveCfg = Debug|Any CPU
		{C5B2F7B0-5EB9-4CC6-A97C-370A3D5EED16}.Debug|Any CPU.Build.0 = Debug|Any CPU
		{C5B2F7B0-5EB9-4CC6-A97C-370A3D5EED16}.Release|Any CPU.ActiveCfg = Release|Any CPU
		{C5B2F7B0-5EB9-4CC6-A97C-370A3D5EED16}.Release|Any CPU.Build.0 = Release|Any CPU
	EndGlobalSection
	GlobalSection(SolutionProperties) = preSolution
		HideSolutionNode = FALSE
	EndGlobalSection
	GlobalSection(NestedProjects) = preSolution
		{0B6A4322-3AEB-43A8-994E-72DE2AFE1312} = {5A94DCFF-6B33-46C3-81A4-4FAA16B14085}
		{A6B5F590-2AFA-48E6-9EA4-B9C8660AC721} = {0B6A4322-3AEB-43A8-994E-72DE2AFE1312}
		{37DCB1B1-411F-4BD7-8E81-B8A7BE1F2289} = {0B6A4322-3AEB-43A8-994E-72DE2AFE1312}
		{9C2C930F-3635-402F-9955-F8ECAFB0FC69} = {0B6A4322-3AEB-43A8-994E-72DE2AFE1312}
		{5E82B310-9778-4730-B10A-8590CFE5FDD1} = {0B6A4322-3AEB-43A8-994E-72DE2AFE1312}
		{6A40E856-06CF-4187-AAF8-0D20B9963356} = {5E82B310-9778-4730-B10A-8590CFE5FDD1}
		{451E8449-96A3-4F70-9184-6D172B4B0CC7} = {5E82B310-9778-4730-B10A-8590CFE5FDD1}
		{848BA04B-ADE6-4BF8-9B04-D0EF276BA194} = {5E82B310-9778-4730-B10A-8590CFE5FDD1}
		{F52B62BC-A8B6-47F7-A843-B94181C7D394} = {5E82B310-9778-4730-B10A-8590CFE5FDD1}
		{733351D3-EED7-450A-AFDF-277CB4D442B0} = {A6B5F590-2AFA-48E6-9EA4-B9C8660AC721}
		{7775CBFD-385A-4136-9E30-BFE2A3BA2A3C} = {A6B5F590-2AFA-48E6-9EA4-B9C8660AC721}
		{E33598D7-505F-406C-ACCF-FE38F1255D18} = {A6B5F590-2AFA-48E6-9EA4-B9C8660AC721}
		{5CB455AD-DDF7-4F5F-8442-6BAE4695CED9} = {A6B5F590-2AFA-48E6-9EA4-B9C8660AC721}
		{24DEE5E2-27A9-46E7-9B0C-6F9740A292AE} = {9C2C930F-3635-402F-9955-F8ECAFB0FC69}
		{67706C66-92EB-4408-AFBD-8CAE377A062B} = {9C2C930F-3635-402F-9955-F8ECAFB0FC69}
		{A660E196-6E51-43B0-AE80-9B2CA86887B8} = {9C2C930F-3635-402F-9955-F8ECAFB0FC69}
		{C3F49098-396C-426A-9B1F-0EF8542E5752} = {37DCB1B1-411F-4BD7-8E81-B8A7BE1F2289}
		{9F2D333E-8E5D-495B-9042-FD8ED699E21D} = {37DCB1B1-411F-4BD7-8E81-B8A7BE1F2289}
		{F3B8A993-00B8-4581-B623-DC79F04F2934} = {37DCB1B1-411F-4BD7-8E81-B8A7BE1F2289}
		{A311EE70-34CF-464B-A6A6-1F1112AB5566} = {37DCB1B1-411F-4BD7-8E81-B8A7BE1F2289}
		{1540FC7F-9F9F-454E-B21F-91B2FFAA8BCE} = {6A40E856-06CF-4187-AAF8-0D20B9963356}
		{C451C0BA-6BBB-47B2-BD7B-6BDEB96FFD21} = {F52B62BC-A8B6-47F7-A843-B94181C7D394}
		{CAABFC20-E3DE-40EC-AFE6-D359287E5BD5} = {451E8449-96A3-4F70-9184-6D172B4B0CC7}
		{38A3C5EB-26F0-494D-BA96-E0E334C44E18} = {848BA04B-ADE6-4BF8-9B04-D0EF276BA194}
		{965E754F-0170-4F9B-B8B4-F76DE48EE969} = {733351D3-EED7-450A-AFDF-277CB4D442B0}
		{C5AA9505-95D0-48A7-A6F8-72E7F5265574} = {7775CBFD-385A-4136-9E30-BFE2A3BA2A3C}
		{409B5EFE-4ABD-4F56-868B-8A2BAA9E1693} = {5CB455AD-DDF7-4F5F-8442-6BAE4695CED9}
		{5A91ED50-3C64-40CE-B9B9-0B3A77A622EB} = {E33598D7-505F-406C-ACCF-FE38F1255D18}
		{F47B5E93-2CD7-4AE5-9F5D-686E059D105A} = {B395EE29-29BF-4146-A95B-AA55C212C46D}
		{8CA9D633-44A0-41B9-B97A-62B54628D04E} = {B395EE29-29BF-4146-A95B-AA55C212C46D}
		{E20ECE39-B77F-4540-AE9C-9C1A817762EB} = {B395EE29-29BF-4146-A95B-AA55C212C46D}
		{C3CAE2B7-0A6E-4079-A795-05D3F246DA6F} = {B395EE29-29BF-4146-A95B-AA55C212C46D}
		{F2F9F56F-EE34-4904-94A3-DEC2C42266ED} = {B395EE29-29BF-4146-A95B-AA55C212C46D}
		{1357DB66-3EC6-464E-9386-ED0FCAEE5D44} = {B395EE29-29BF-4146-A95B-AA55C212C46D}
		{653E8120-1B31-45D0-8A11-C8B986BDB96A} = {B395EE29-29BF-4146-A95B-AA55C212C46D}
		{791DD91D-72D9-4155-AA8A-CB93F4959152} = {B395EE29-29BF-4146-A95B-AA55C212C46D}
		{D09C3A29-823B-4AED-A823-7410D313697D} = {B395EE29-29BF-4146-A95B-AA55C212C46D}
		{3CCD4F24-CEDE-4775-B663-E3A16593B60C} = {B395EE29-29BF-4146-A95B-AA55C212C46D}
		{F98D3B70-7587-4742-8278-727A6C72E48B} = {B395EE29-29BF-4146-A95B-AA55C212C46D}
		{ADA9EA7B-AD13-46E2-B186-6F07DB9169DE} = {0B6A4322-3AEB-43A8-994E-72DE2AFE1312}
		{D3013C08-ECBB-417A-9F0B-98F637813B81} = {ADA9EA7B-AD13-46E2-B186-6F07DB9169DE}
		{CB33D91A-91A3-4329-9F04-6B13990101E1} = {C3F49098-396C-426A-9B1F-0EF8542E5752}
		{3C83C8C5-3C96-443E-8E5E-A0434F5FB99D} = {9F2D333E-8E5D-495B-9042-FD8ED699E21D}
		{CC823E34-88F3-40C4-A4DF-E7394AB32DE9} = {F3B8A993-00B8-4581-B623-DC79F04F2934}
		{5CCFBFDF-332F-4A45-9A6C-AB8FDDCB01AA} = {A311EE70-34CF-464B-A6A6-1F1112AB5566}
		{FBA4DB4F-1D38-4E90-ADC9-5175C5B04CFD} = {67706C66-92EB-4408-AFBD-8CAE377A062B}
		{0D5EE663-6CBE-47AA-A2AF-918820D013A3} = {A660E196-6E51-43B0-AE80-9B2CA86887B8}
		{09CA948E-3064-4F9E-BE96-75D1D1044A67} = {24DEE5E2-27A9-46E7-9B0C-6F9740A292AE}
		{2F69FF17-0D77-466F-8C7A-D2B72E66BBFC} = {9C2C930F-3635-402F-9955-F8ECAFB0FC69}
		{C5B2F7B0-5EB9-4CC6-A97C-370A3D5EED16} = {2F69FF17-0D77-466F-8C7A-D2B72E66BBFC}
	EndGlobalSection
EndGlobal
